// !$*UTF8*$!
{
	archiveVersion = 1;
	classes = {
	};
	objectVersion = 77;
	objects = {

/* Begin PBXContainerItemProxy section */
		EF53B5542EC6B8D00074ECBB /* PBXContainerItemProxy */ = {
			isa = PBXContainerItemProxy;
			containerPortal = EF53B53E2EC6B8CC0074ECBB /* Project object */;
			proxyType = 1;
			remoteGlobalIDString = EF53B5452EC6B8CC0074ECBB;
			remoteInfo = ChewSense_DataCollectionAndLabeling;
		};
		EF53B55E2EC6B8D00074ECBB /* PBXContainerItemProxy */ = {
			isa = PBXContainerItemProxy;
			containerPortal = EF53B53E2EC6B8CC0074ECBB /* Project object */;
			proxyType = 1;
			remoteGlobalIDString = EF53B5452EC6B8CC0074ECBB;
			remoteInfo = ChewSense_DataCollectionAndLabeling;
		};
/* End PBXContainerItemProxy section */

/* Begin PBXFileReference section */
		EF53B5462EC6B8CC0074ECBB /* ChewSense_DataCollectionAndLabeling.app */ = {isa = PBXFileReference; explicitFileType = wrapper.application; includeInIndex = 0; path = ChewSense_DataCollectionAndLabeling.app; sourceTree = BUILT_PRODUCTS_DIR; };
		EF53B5532EC6B8D00074ECBB /* ChewSense_DataCollectionAndLabelingTests.xctest */ = {isa = PBXFileReference; explicitFileType = wrapper.cfbundle; includeInIndex = 0; path = ChewSense_DataCollectionAndLabelingTests.xctest; sourceTree = BUILT_PRODUCTS_DIR; };
		EF53B55D2EC6B8D00074ECBB /* ChewSense_DataCollectionAndLabelingUITests.xctest */ = {isa = PBXFileReference; explicitFileType = wrapper.cfbundle; includeInIndex = 0; path = ChewSense_DataCollectionAndLabelingUITests.xctest; sourceTree = BUILT_PRODUCTS_DIR; };
/* End PBXFileReference section */

/* Begin PBXFileSystemSynchronizedRootGroup section */
		EF53B5482EC6B8CC0074ECBB /* ChewSense_DataCollectionAndLabeling */ = {
			isa = PBXFileSystemSynchronizedRootGroup;
			path = ChewSense_DataCollectionAndLabeling;
			sourceTree = "<group>";
		};
		EF53B5562EC6B8D00074ECBB /* ChewSense_DataCollectionAndLabelingTests */ = {
			isa = PBXFileSystemSynchronizedRootGroup;
			path = ChewSense_DataCollectionAndLabelingTests;
			sourceTree = "<group>";
		};
		EF53B5602EC6B8D00074ECBB /* ChewSense_DataCollectionAndLabelingUITests */ = {
			isa = PBXFileSystemSynchronizedRootGroup;
			path = ChewSense_DataCollectionAndLabelingUITests;
			sourceTree = "<group>";
		};
/* End PBXFileSystemSynchronizedRootGroup section */

/* Begin PBXFrameworksBuildPhase section */
		EF53B5432EC6B8CC0074ECBB /* Frameworks */ = {
			isa = PBXFrameworksBuildPhase;
			buildActionMask = 2147483647;
			files = (
			);
			runOnlyForDeploymentPostprocessing = 0;
		};
		EF53B5502EC6B8D00074ECBB /* Frameworks */ = {
			isa = PBXFrameworksBuildPhase;
			buildActionMask = 2147483647;
			files = (
			);
			runOnlyForDeploymentPostprocessing = 0;
		};
		EF53B55A2EC6B8D00074ECBB /* Frameworks */ = {
			isa = PBXFrameworksBuildPhase;
			buildActionMask = 2147483647;
			files = (
			);
			runOnlyForDeploymentPostprocessing = 0;
		};
/* End PBXFrameworksBuildPhase section */

/* Begin PBXGroup section */
		EF53B53D2EC6B8CC0074ECBB = {
			isa = PBXGroup;
			children = (
				EF53B5482EC6B8CC0074ECBB /* ChewSense_DataCollectionAndLabeling */,
				EF53B5562EC6B8D00074ECBB /* ChewSense_DataCollectionAndLabelingTests */,
				EF53B5602EC6B8D00074ECBB /* ChewSense_DataCollectionAndLabelingUITests */,
				EF53B5472EC6B8CC0074ECBB /* Products */,
			);
			sourceTree = "<group>";
		};
		EF53B5472EC6B8CC0074ECBB /* Products */ = {
			isa = PBXGroup;
			children = (
				EF53B5462EC6B8CC0074ECBB /* ChewSense_DataCollectionAndLabeling.app */,
				EF53B5532EC6B8D00074ECBB /* ChewSense_DataCollectionAndLabelingTests.xctest */,
				EF53B55D2EC6B8D00074ECBB /* ChewSense_DataCollectionAndLabelingUITests.xctest */,
			);
			name = Products;
			sourceTree = "<group>";
		};
/* End PBXGroup section */

/* Begin PBXNativeTarget section */
		EF53B5452EC6B8CC0074ECBB /* ChewSense_DataCollectionAndLabeling */ = {
			isa = PBXNativeTarget;
			buildConfigurationList = EF53B5672EC6B8D00074ECBB /* Build configuration list for PBXNativeTarget "ChewSense_DataCollectionAndLabeling" */;
			buildPhases = (
				EF53B5422EC6B8CC0074ECBB /* Sources */,
				EF53B5432EC6B8CC0074ECBB /* Frameworks */,
				EF53B5442EC6B8CC0074ECBB /* Resources */,
			);
			buildRules = (
			);
			dependencies = (
			);
			fileSystemSynchronizedGroups = (
				EF53B5482EC6B8CC0074ECBB /* ChewSense_DataCollectionAndLabeling */,
			);
			name = ChewSense_DataCollectionAndLabeling;
			packageProductDependencies = (
			);
			productName = ChewSense_DataCollectionAndLabeling;
			productReference = EF53B5462EC6B8CC0074ECBB /* ChewSense_DataCollectionAndLabeling.app */;
			productType = "com.apple.product-type.application";
		};
		EF53B5522EC6B8D00074ECBB /* ChewSense_DataCollectionAndLabelingTests */ = {
			isa = PBXNativeTarget;
			buildConfigurationList = EF53B56A2EC6B8D00074ECBB /* Build configuration list for PBXNativeTarget "ChewSense_DataCollectionAndLabelingTests" */;
			buildPhases = (
				EF53B54F2EC6B8D00074ECBB /* Sources */,
				EF53B5502EC6B8D00074ECBB /* Frameworks */,
				EF53B5512EC6B8D00074ECBB /* Resources */,
			);
			buildRules = (
			);
			dependencies = (
				EF53B5552EC6B8D00074ECBB /* PBXTargetDependency */,
			);
			fileSystemSynchronizedGroups = (
				EF53B5562EC6B8D00074ECBB /* ChewSense_DataCollectionAndLabelingTests */,
			);
			name = ChewSense_DataCollectionAndLabelingTests;
			packageProductDependencies = (
			);
			productName = ChewSense_DataCollectionAndLabelingTests;
			productReference = EF53B5532EC6B8D00074ECBB /* ChewSense_DataCollectionAndLabelingTests.xctest */;
			productType = "com.apple.product-type.bundle.unit-test";
		};
		EF53B55C2EC6B8D00074ECBB /* ChewSense_DataCollectionAndLabelingUITests */ = {
			isa = PBXNativeTarget;
			buildConfigurationList = EF53B56D2EC6B8D00074ECBB /* Build configuration list for PBXNativeTarget "ChewSense_DataCollectionAndLabelingUITests" */;
			buildPhases = (
				EF53B5592EC6B8D00074ECBB /* Sources */,
				EF53B55A2EC6B8D00074ECBB /* Frameworks */,
				EF53B55B2EC6B8D00074ECBB /* Resources */,
			);
			buildRules = (
			);
			dependencies = (
				EF53B55F2EC6B8D00074ECBB /* PBXTargetDependency */,
			);
			fileSystemSynchronizedGroups = (
				EF53B5602EC6B8D00074ECBB /* ChewSense_DataCollectionAndLabelingUITests */,
			);
			name = ChewSense_DataCollectionAndLabelingUITests;
			packageProductDependencies = (
			);
			productName = ChewSense_DataCollectionAndLabelingUITests;
			productReference = EF53B55D2EC6B8D00074ECBB /* ChewSense_DataCollectionAndLabelingUITests.xctest */;
			productType = "com.apple.product-type.bundle.ui-testing";
		};
/* End PBXNativeTarget section */

/* Begin PBXProject section */
		EF53B53E2EC6B8CC0074ECBB /* Project object */ = {
			isa = PBXProject;
			attributes = {
				BuildIndependentTargetsInParallel = 1;
				LastSwiftUpdateCheck = 2610;
				LastUpgradeCheck = 2610;
				TargetAttributes = {
					EF53B5452EC6B8CC0074ECBB = {
						CreatedOnToolsVersion = 26.1.1;
					};
					EF53B5522EC6B8D00074ECBB = {
						CreatedOnToolsVersion = 26.1.1;
						TestTargetID = EF53B5452EC6B8CC0074ECBB;
					};
					EF53B55C2EC6B8D00074ECBB = {
						CreatedOnToolsVersion = 26.1.1;
						TestTargetID = EF53B5452EC6B8CC0074ECBB;
					};
				};
			};
			buildConfigurationList = EF53B5412EC6B8CC0074ECBB /* Build configuration list for PBXProject "ChewSense_DataCollectionAndLabeling" */;
			developmentRegion = en;
			hasScannedForEncodings = 0;
			knownRegions = (
				en,
				Base,
			);
			mainGroup = EF53B53D2EC6B8CC0074ECBB;
			minimizedProjectReferenceProxies = 1;
			preferredProjectObjectVersion = 77;
			productRefGroup = EF53B5472EC6B8CC0074ECBB /* Products */;
			projectDirPath = "";
			projectRoot = "";
			targets = (
				EF53B5452EC6B8CC0074ECBB /* ChewSense_DataCollectionAndLabeling */,
				EF53B5522EC6B8D00074ECBB /* ChewSense_DataCollectionAndLabelingTests */,
				EF53B55C2EC6B8D00074ECBB /* ChewSense_DataCollectionAndLabelingUITests */,
			);
		};
/* End PBXProject section */

/* Begin PBXResourcesBuildPhase section */
		EF53B5442EC6B8CC0074ECBB /* Resources */ = {
			isa = PBXResourcesBuildPhase;
			buildActionMask = 2147483647;
			files = (
			);
			runOnlyForDeploymentPostprocessing = 0;
		};
		EF53B5512EC6B8D00074ECBB /* Resources */ = {
			isa = PBXResourcesBuildPhase;
			buildActionMask = 2147483647;
			files = (
			);
			runOnlyForDeploymentPostprocessing = 0;
		};
		EF53B55B2EC6B8D00074ECBB /* Resources */ = {
			isa = PBXResourcesBuildPhase;
			buildActionMask = 2147483647;
			files = (
			);
			runOnlyForDeploymentPostprocessing = 0;
		};
/* End PBXResourcesBuildPhase section */

/* Begin PBXSourcesBuildPhase section */
		EF53B5422EC6B8CC0074ECBB /* Sources */ = {
			isa = PBXSourcesBuildPhase;
			buildActionMask = 2147483647;
			files = (
			);
			runOnlyForDeploymentPostprocessing = 0;
		};
		EF53B54F2EC6B8D00074ECBB /* Sources */ = {
			isa = PBXSourcesBuildPhase;
			buildActionMask = 2147483647;
			files = (
			);
			runOnlyForDeploymentPostprocessing = 0;
		};
		EF53B5592EC6B8D00074ECBB /* Sources */ = {
			isa = PBXSourcesBuildPhase;
			buildActionMask = 2147483647;
			files = (
			);
			runOnlyForDeploymentPostprocessing = 0;
		};
/* End PBXSourcesBuildPhase section */

/* Begin PBXTargetDependency section */
		EF53B5552EC6B8D00074ECBB /* PBXTargetDependency */ = {
			isa = PBXTargetDependency;
			target = EF53B5452EC6B8CC0074ECBB /* ChewSense_DataCollectionAndLabeling */;
			targetProxy = EF53B5542EC6B8D00074ECBB /* PBXContainerItemProxy */;
		};
		EF53B55F2EC6B8D00074ECBB /* PBXTargetDependency */ = {
			isa = PBXTargetDependency;
			target = EF53B5452EC6B8CC0074ECBB /* ChewSense_DataCollectionAndLabeling */;
			targetProxy = EF53B55E2EC6B8D00074ECBB /* PBXContainerItemProxy */;
		};
/* End PBXTargetDependency section */

/* Begin XCBuildConfiguration section */
		EF53B5652EC6B8D00074ECBB /* Debug */ = {
			isa = XCBuildConfiguration;
			buildSettings = {
				ALWAYS_SEARCH_USER_PATHS = NO;
				ASSETCATALOG_COMPILER_GENERATE_SWIFT_ASSET_SYMBOL_EXTENSIONS = YES;
				CLANG_ANALYZER_NONNULL = YES;
				CLANG_ANALYZER_NUMBER_OBJECT_CONVERSION = YES_AGGRESSIVE;
				CLANG_CXX_LANGUAGE_STANDARD = "gnu++20";
				CLANG_ENABLE_MODULES = YES;
				CLANG_ENABLE_OBJC_ARC = YES;
				CLANG_ENABLE_OBJC_WEAK = YES;
				CLANG_WARN_BLOCK_CAPTURE_AUTORELEASING = YES;
				CLANG_WARN_BOOL_CONVERSION = YES;
				CLANG_WARN_COMMA = YES;
				CLANG_WARN_CONSTANT_CONVERSION = YES;
				CLANG_WARN_DEPRECATED_OBJC_IMPLEMENTATIONS = YES;
				CLANG_WARN_DIRECT_OBJC_ISA_USAGE = YES_ERROR;
				CLANG_WARN_DOCUMENTATION_COMMENTS = YES;
				CLANG_WARN_EMPTY_BODY = YES;
				CLANG_WARN_ENUM_CONVERSION = YES;
				CLANG_WARN_INFINITE_RECURSION = YES;
				CLANG_WARN_INT_CONVERSION = YES;
				CLANG_WARN_NON_LITERAL_NULL_CONVERSION = YES;
				CLANG_WARN_OBJC_IMPLICIT_RETAIN_SELF = YES;
				CLANG_WARN_OBJC_LITERAL_CONVERSION = YES;
				CLANG_WARN_OBJC_ROOT_CLASS = YES_ERROR;
				CLANG_WARN_QUOTED_INCLUDE_IN_FRAMEWORK_HEADER = YES;
				CLANG_WARN_RANGE_LOOP_ANALYSIS = YES;
				CLANG_WARN_STRICT_PROTOTYPES = YES;
				CLANG_WARN_SUSPICIOUS_MOVE = YES;
				CLANG_WARN_UNGUARDED_AVAILABILITY = YES_AGGRESSIVE;
				CLANG_WARN_UNREACHABLE_CODE = YES;
				CLANG_WARN__DUPLICATE_METHOD_MATCH = YES;
				COPY_PHASE_STRIP = NO;
				DEBUG_INFORMATION_FORMAT = dwarf;
				DEVELOPMENT_TEAM = MF8J7AY2X3;
				ENABLE_STRICT_OBJC_MSGSEND = YES;
				ENABLE_TESTABILITY = YES;
				ENABLE_USER_SCRIPT_SANDBOXING = YES;
				GCC_C_LANGUAGE_STANDARD = gnu17;
				GCC_DYNAMIC_NO_PIC = NO;
				GCC_NO_COMMON_BLOCKS = YES;
				GCC_OPTIMIZATION_LEVEL = 0;
				GCC_PREPROCESSOR_DEFINITIONS = (
					"DEBUG=1",
					"$(inherited)",
				);
				GCC_WARN_64_TO_32_BIT_CONVERSION = YES;
				GCC_WARN_ABOUT_RETURN_TYPE = YES_ERROR;
				GCC_WARN_UNDECLARED_SELECTOR = YES;
				GCC_WARN_UNINITIALIZED_AUTOS = YES_AGGRESSIVE;
				GCC_WARN_UNUSED_FUNCTION = YES;
				GCC_WARN_UNUSED_VARIABLE = YES;
				IPHONEOS_DEPLOYMENT_TARGET = 26.1;
				LOCALIZATION_PREFERS_STRING_CATALOGS = YES;
				MTL_ENABLE_DEBUG_INFO = INCLUDE_SOURCE;
				MTL_FAST_MATH = YES;
				ONLY_ACTIVE_ARCH = YES;
				SDKROOT = iphoneos;
				SWIFT_ACTIVE_COMPILATION_CONDITIONS = "DEBUG $(inherited)";
				SWIFT_OPTIMIZATION_LEVEL = "-Onone";
			};
			name = Debug;
		};
		EF53B5662EC6B8D00074ECBB /* Release */ = {
			isa = XCBuildConfiguration;
			buildSettings = {
				ALWAYS_SEARCH_USER_PATHS = NO;
				ASSETCATALOG_COMPILER_GENERATE_SWIFT_ASSET_SYMBOL_EXTENSIONS = YES;
				CLANG_ANALYZER_NONNULL = YES;
				CLANG_ANALYZER_NUMBER_OBJECT_CONVERSION = YES_AGGRESSIVE;
				CLANG_CXX_LANGUAGE_STANDARD = "gnu++20";
				CLANG_ENABLE_MODULES = YES;
				CLANG_ENABLE_OBJC_ARC = YES;
				CLANG_ENABLE_OBJC_WEAK = YES;
				CLANG_WARN_BLOCK_CAPTURE_AUTORELEASING = YES;
				CLANG_WARN_BOOL_CONVERSION = YES;
				CLANG_WARN_COMMA = YES;
				CLANG_WARN_CONSTANT_CONVERSION = YES;
				CLANG_WARN_DEPRECATED_OBJC_IMPLEMENTATIONS = YES;
				CLANG_WARN_DIRECT_OBJC_ISA_USAGE = YES_ERROR;
				CLANG_WARN_DOCUMENTATION_COMMENTS = YES;
				CLANG_WARN_EMPTY_BODY = YES;
				CLANG_WARN_ENUM_CONVERSION = YES;
				CLANG_WARN_INFINITE_RECURSION = YES;
				CLANG_WARN_INT_CONVERSION = YES;
				CLANG_WARN_NON_LITERAL_NULL_CONVERSION = YES;
				CLANG_WARN_OBJC_IMPLICIT_RETAIN_SELF = YES;
				CLANG_WARN_OBJC_LITERAL_CONVERSION = YES;
				CLANG_WARN_OBJC_ROOT_CLASS = YES_ERROR;
				CLANG_WARN_QUOTED_INCLUDE_IN_FRAMEWORK_HEADER = YES;
				CLANG_WARN_RANGE_LOOP_ANALYSIS = YES;
				CLANG_WARN_STRICT_PROTOTYPES = YES;
				CLANG_WARN_SUSPICIOUS_MOVE = YES;
				CLANG_WARN_UNGUARDED_AVAILABILITY = YES_AGGRESSIVE;
				CLANG_WARN_UNREACHABLE_CODE = YES;
				CLANG_WARN__DUPLICATE_METHOD_MATCH = YES;
				COPY_PHASE_STRIP = NO;
				DEBUG_INFORMATION_FORMAT = "dwarf-with-dsym";
				DEVELOPMENT_TEAM = MF8J7AY2X3;
				ENABLE_NS_ASSERTIONS = NO;
				ENABLE_STRICT_OBJC_MSGSEND = YES;
				ENABLE_USER_SCRIPT_SANDBOXING = YES;
				GCC_C_LANGUAGE_STANDARD = gnu17;
				GCC_NO_COMMON_BLOCKS = YES;
				GCC_WARN_64_TO_32_BIT_CONVERSION = YES;
				GCC_WARN_ABOUT_RETURN_TYPE = YES_ERROR;
				GCC_WARN_UNDECLARED_SELECTOR = YES;
				GCC_WARN_UNINITIALIZED_AUTOS = YES_AGGRESSIVE;
				GCC_WARN_UNUSED_FUNCTION = YES;
				GCC_WARN_UNUSED_VARIABLE = YES;
				IPHONEOS_DEPLOYMENT_TARGET = 26.1;
				LOCALIZATION_PREFERS_STRING_CATALOGS = YES;
				MTL_ENABLE_DEBUG_INFO = NO;
				MTL_FAST_MATH = YES;
				SDKROOT = iphoneos;
				SWIFT_COMPILATION_MODE = wholemodule;
				VALIDATE_PRODUCT = YES;
			};
			name = Release;
		};
		EF53B5682EC6B8D00074ECBB /* Debug */ = {
			isa = XCBuildConfiguration;
			buildSettings = {
				ASSETCATALOG_COMPILER_APPICON_NAME = AppIcon;
				ASSETCATALOG_COMPILER_GLOBAL_ACCENT_COLOR_NAME = AccentColor;
				CODE_SIGN_STYLE = Automatic;
				CURRENT_PROJECT_VERSION = 1;
				DEVELOPMENT_TEAM = MF8J7AY2X3;
				ENABLE_PREVIEWS = YES;
				GENERATE_INFOPLIST_FILE = YES;
				INFOPLIST_KEY_UIApplicationSceneManifest_Generation = YES;
				INFOPLIST_KEY_UIApplicationSupportsIndirectInputEvents = YES;
				INFOPLIST_KEY_UILaunchScreen_Generation = YES;
				INFOPLIST_KEY_UISupportedInterfaceOrientations_iPad = "UIInterfaceOrientationPortrait UIInterfaceOrientationPortraitUpsideDown UIInterfaceOrientationLandscapeLeft UIInterfaceOrientationLandscapeRight";
				INFOPLIST_KEY_UISupportedInterfaceOrientations_iPhone = "UIInterfaceOrientationPortrait UIInterfaceOrientationLandscapeLeft UIInterfaceOrientationLandscapeRight";
				LD_RUNPATH_SEARCH_PATHS = (
					"$(inherited)",
					"@executable_path/Frameworks",
				);
				MARKETING_VERSION = 1.0;
				PRODUCT_BUNDLE_IDENTIFIER = "zachary-sturman.ChewSense-DataCollectionAndLabeling";
				PRODUCT_NAME = "$(TARGET_NAME)";
				STRING_CATALOG_GENERATE_SYMBOLS = YES;
				SWIFT_APPROACHABLE_CONCURRENCY = YES;
				SWIFT_DEFAULT_ACTOR_ISOLATION = MainActor;
				SWIFT_EMIT_LOC_STRINGS = YES;
				SWIFT_UPCOMING_FEATURE_MEMBER_IMPORT_VISIBILITY = YES;
				SWIFT_VERSION = 5.0;
				TARGETED_DEVICE_FAMILY = "1,2";
			};
			name = Debug;
		};
		EF53B5692EC6B8D00074ECBB /* Release */ = {
			isa = XCBuildConfiguration;
			buildSettings = {
				ASSETCATALOG_COMPILER_APPICON_NAME = AppIcon;
				ASSETCATALOG_COMPILER_GLOBAL_ACCENT_COLOR_NAME = AccentColor;
				CODE_SIGN_STYLE = Automatic;
				CURRENT_PROJECT_VERSION = 1;
				DEVELOPMENT_TEAM = MF8J7AY2X3;
				ENABLE_PREVIEWS = YES;
				GENERATE_INFOPLIST_FILE = YES;
				INFOPLIST_KEY_UIApplicationSceneManifest_Generation = YES;
				INFOPLIST_KEY_UIApplicationSupportsIndirectInputEvents = YES;
				INFOPLIST_KEY_UILaunchScreen_Generation = YES;
				INFOPLIST_KEY_UISupportedInterfaceOrientations_iPad = "UIInterfaceOrientationPortrait UIInterfaceOrientationPortraitUpsideDown UIInterfaceOrientationLandscapeLeft UIInterfaceOrientationLandscapeRight";
				INFOPLIST_KEY_UISupportedInterfaceOrientations_iPhone = "UIInterfaceOrientationPortrait UIInterfaceOrientationLandscapeLeft UIInterfaceOrientationLandscapeRight";
				LD_RUNPATH_SEARCH_PATHS = (
					"$(inherited)",
					"@executable_path/Frameworks",
				);
				MARKETING_VERSION = 1.0;
				PRODUCT_BUNDLE_IDENTIFIER = "zachary-sturman.ChewSense-DataCollectionAndLabeling";
				PRODUCT_NAME = "$(TARGET_NAME)";
				STRING_CATALOG_GENERATE_SYMBOLS = YES;
				SWIFT_APPROACHABLE_CONCURRENCY = YES;
				SWIFT_DEFAULT_ACTOR_ISOLATION = MainActor;
				SWIFT_EMIT_LOC_STRINGS = YES;
				SWIFT_UPCOMING_FEATURE_MEMBER_IMPORT_VISIBILITY = YES;
				SWIFT_VERSION = 5.0;
				TARGETED_DEVICE_FAMILY = "1,2";
			};
			name = Release;
		};
		EF53B56B2EC6B8D00074ECBB /* Debug */ = {
			isa = XCBuildConfiguration;
			buildSettings = {
				BUNDLE_LOADER = "$(TEST_HOST)";
				CODE_SIGN_STYLE = Automatic;
				CURRENT_PROJECT_VERSION = 1;
				DEVELOPMENT_TEAM = MF8J7AY2X3;
				GENERATE_INFOPLIST_FILE = YES;
				IPHONEOS_DEPLOYMENT_TARGET = 26.1;
				MARKETING_VERSION = 1.0;
				PRODUCT_BUNDLE_IDENTIFIER = "zachary-sturman.ChewSense-DataCollectionAndLabelingTests";
				PRODUCT_NAME = "$(TARGET_NAME)";
				STRING_CATALOG_GENERATE_SYMBOLS = NO;
				SWIFT_APPROACHABLE_CONCURRENCY = YES;
				SWIFT_EMIT_LOC_STRINGS = NO;
				SWIFT_UPCOMING_FEATURE_MEMBER_IMPORT_VISIBILITY = YES;
				SWIFT_VERSION = 5.0;
				TARGETED_DEVICE_FAMILY = "1,2";
				TEST_HOST = "$(BUILT_PRODUCTS_DIR)/ChewSense_DataCollectionAndLabeling.app/$(BUNDLE_EXECUTABLE_FOLDER_PATH)/ChewSense_DataCollectionAndLabeling";
			};
			name = Debug;
		};
		EF53B56C2EC6B8D00074ECBB /* Release */ = {
			isa = XCBuildConfiguration;
			buildSettings = {
				BUNDLE_LOADER = "$(TEST_HOST)";
				CODE_SIGN_STYLE = Automatic;
				CURRENT_PROJECT_VERSION = 1;
				DEVELOPMENT_TEAM = MF8J7AY2X3;
				GENERATE_INFOPLIST_FILE = YES;
				IPHONEOS_DEPLOYMENT_TARGET = 26.1;
				MARKETING_VERSION = 1.0;
				PRODUCT_BUNDLE_IDENTIFIER = "zachary-sturman.ChewSense-DataCollectionAndLabelingTests";
				PRODUCT_NAME = "$(TARGET_NAME)";
				STRING_CATALOG_GENERATE_SYMBOLS = NO;
				SWIFT_APPROACHABLE_CONCURRENCY = YES;
				SWIFT_EMIT_LOC_STRINGS = NO;
				SWIFT_UPCOMING_FEATURE_MEMBER_IMPORT_VISIBILITY = YES;
				SWIFT_VERSION = 5.0;
				TARGETED_DEVICE_FAMILY = "1,2";
				TEST_HOST = "$(BUILT_PRODUCTS_DIR)/ChewSense_DataCollectionAndLabeling.app/$(BUNDLE_EXECUTABLE_FOLDER_PATH)/ChewSense_DataCollectionAndLabeling";
			};
			name = Release;
		};
		EF53B56E2EC6B8D00074ECBB /* Debug */ = {
			isa = XCBuildConfiguration;
			buildSettings = {
				CODE_SIGN_STYLE = Automatic;
				CURRENT_PROJECT_VERSION = 1;
				DEVELOPMENT_TEAM = MF8J7AY2X3;
				GENERATE_INFOPLIST_FILE = YES;
				MARKETING_VERSION = 1.0;
				PRODUCT_BUNDLE_IDENTIFIER = "zachary-sturman.ChewSense-DataCollectionAndLabelingUITests";
				PRODUCT_NAME = "$(TARGET_NAME)";
				STRING_CATALOG_GENERATE_SYMBOLS = NO;
				SWIFT_APPROACHABLE_CONCURRENCY = YES;
				SWIFT_EMIT_LOC_STRINGS = NO;
				SWIFT_UPCOMING_FEATURE_MEMBER_IMPORT_VISIBILITY = YES;
				SWIFT_VERSION = 5.0;
				TARGETED_DEVICE_FAMILY = "1,2";
				TEST_TARGET_NAME = ChewSense_DataCollectionAndLabeling;
			};
			name = Debug;
		};
		EF53B56F2EC6B8D00074ECBB /* Release */ = {
			isa = XCBuildConfiguration;
			buildSettings = {
				CODE_SIGN_STYLE = Automatic;
				CURRENT_PROJECT_VERSION = 1;
				DEVELOPMENT_TEAM = MF8J7AY2X3;
				GENERATE_INFOPLIST_FILE = YES;
				MARKETING_VERSION = 1.0;
				PRODUCT_BUNDLE_IDENTIFIER = "zachary-sturman.ChewSense-DataCollectionAndLabelingUITests";
				PRODUCT_NAME = "$(TARGET_NAME)";
				STRING_CATALOG_GENERATE_SYMBOLS = NO;
				SWIFT_APPROACHABLE_CONCURRENCY = YES;
				SWIFT_EMIT_LOC_STRINGS = NO;
				SWIFT_UPCOMING_FEATURE_MEMBER_IMPORT_VISIBILITY = YES;
				SWIFT_VERSION = 5.0;
				TARGETED_DEVICE_FAMILY = "1,2";
				TEST_TARGET_NAME = ChewSense_DataCollectionAndLabeling;
			};
			name = Release;
		};
/* End XCBuildConfiguration section */

/* Begin XCConfigurationList section */
		EF53B5412EC6B8CC0074ECBB /* Build configuration list for PBXProject "ChewSense_DataCollectionAndLabeling" */ = {
			isa = XCConfigurationList;
			buildConfigurations = (
				EF53B5652EC6B8D00074ECBB /* Debug */,
				EF53B5662EC6B8D00074ECBB /* Release */,
			);
			defaultConfigurationIsVisible = 0;
			defaultConfigurationName = Release;
		};
		EF53B5672EC6B8D00074ECBB /* Build configuration list for PBXNativeTarget "ChewSense_DataCollectionAndLabeling" */ = {
			isa = XCConfigurationList;
			buildConfigurations = (
				EF53B5682EC6B8D00074ECBB /* Debug */,
				EF53B5692EC6B8D00074ECBB /* Release */,
			);
			defaultConfigurationIsVisible = 0;
			defaultConfigurationName = Release;
		};
		EF53B56A2EC6B8D00074ECBB /* Build configuration list for PBXNativeTarget "ChewSense_DataCollectionAndLabelingTests" */ = {
			isa = XCConfigurationList;
			buildConfigurations = (
				EF53B56B2EC6B8D00074ECBB /* Debug */,
				EF53B56C2EC6B8D00074ECBB /* Release */,
			);
			defaultConfigurationIsVisible = 0;
			defaultConfigurationName = Release;
		};
		EF53B56D2EC6B8D00074ECBB /* Build configuration list for PBXNativeTarget "ChewSense_DataCollectionAndLabelingUITests" */ = {
			isa = XCConfigurationList;
			buildConfigurations = (
				EF53B56E2EC6B8D00074ECBB /* Debug */,
				EF53B56F2EC6B8D00074ECBB /* Release */,
			);
			defaultConfigurationIsVisible = 0;
			defaultConfigurationName = Release;
		};
/* End XCConfigurationList section */
	};
	rootObject = EF53B53E2EC6B8CC0074ECBB /* Project object */;
}
